
Microsoft Visual Studio Solution File, Format Version 12.00
# Visual Studio 2013
VisualStudioVersion = 12.0.31101.0
MinimumVisualStudioVersion = 10.0.40219.1
Project("{FAE04EC0-301F-11D3-BF4B-00C04F79EFBC}") = "BookStore", "BookStore\BookStore.csproj", "{0BFE92F3-6518-46D3-BBE3-8CD608BD1997}"
EndProject
Project("{FAE04EC0-301F-11D3-BF4B-00C04F79EFBC}") = "BookStoreTests", "BookStoreTests\BookStoreTests.csproj", "{720BC209-65FE-4DBC-9194-EE453E0B34A1}"
EndProject
Global
	GlobalSection(SolutionConfigurationPlatforms) = preSolution
		Debug|Any CPU = Debug|Any CPU
		Release|Any CPU = Release|Any CPU
	EndGlobalSection
	GlobalSection(ProjectConfigurationPlatforms) = postSolution
		{0BFE92F3-6518-46D3-BBE3-8CD608BD1997}.Debug|Any CPU.ActiveCfg = Debug|Any CPU
		{0BFE92F3-6518-46D3-BBE3-8CD608BD1997}.Debug|Any CPU.Build.0 = Debug|Any CPU
		{0BFE92F3-6518-46D3-BBE3-8CD608BD1997}.Release|Any CPU.ActiveCfg = Release|Any CPU
		{0BFE92F3-6518-46D3-BBE3-8CD608BD1997}.Release|Any CPU.Build.0 = Release|Any CPU
		{720BC209-65FE-4DBC-9194-EE453E0B34A1}.Debug|Any CPU.ActiveCfg = Debug|Any CPU
		{720BC209-65FE-4DBC-9194-EE453E0B34A1}.Debug|Any CPU.Build.0 = Debug|Any CPU
		{720BC209-65FE-4DBC-9194-EE453E0B34A1}.Release|Any CPU.ActiveCfg = Release|Any CPU
		{720BC209-65FE-4DBC-9194-EE453E0B34A1}.Release|Any CPU.Build.0 = Release|Any CPU
	EndGlobalSection
	GlobalSection(SolutionProperties) = preSolution
		HideSolutionNode = FALSE
	EndGlobalSection
EndGlobal
